
Microsoft Visual Studio Solution File, Format Version 12.00
# Visual Studio Version 17
VisualStudioVersion = 17.9.34310.174
MinimumVisualStudioVersion = 10.0.40219.1
Project("{9A19103F-16F7-4668-BE54-9A1E7A4F7556}") = "Lecture01", "Lecture01\Lecture01.csproj", "{BC27B982-22FE-4019-AB6E-56C43732F8B9}"
EndProject
Project("{9A19103F-16F7-4668-BE54-9A1E7A4F7556}") = "Lecture02", "Lecture02\Lecture02.csproj", "{DF3F5303-A543-4DBA-869C-0D8E9B6A8B31}"
EndProject
Project("{9A19103F-16F7-4668-BE54-9A1E7A4F7556}") = "Lecture03", "Lecture03\Lecture03.csproj", "{C5BB9629-BE3A-4FB3-BBB7-178038F89A5A}"
EndProject
Project("{FAE04EC0-301F-11D3-BF4B-00C04F79EFBC}") = "Lecture04", "Lecture04\Lecture04.csproj", "{C64406AC-4174-41B2-BA0D-3FE276CDE3B4}"
EndProject
Global
	GlobalSection(SolutionConfigurationPlatforms) = preSolution
		Debug|Any CPU = Debug|Any CPU
		Release|Any CPU = Release|Any CPU
	EndGlobalSection
	GlobalSection(ProjectConfigurationPlatforms) = postSolution
		{BC27B982-22FE-4019-AB6E-56C43732F8B9}.Debug|Any CPU.ActiveCfg = Debug|Any CPU
		{BC27B982-22FE-4019-AB6E-56C43732F8B9}.Debug|Any CPU.Build.0 = Debug|Any CPU
		{BC27B982-22FE-4019-AB6E-56C43732F8B9}.Release|Any CPU.ActiveCfg = Release|Any CPU
		{BC27B982-22FE-4019-AB6E-56C43732F8B9}.Release|Any CPU.Build.0 = Release|Any CPU
		{DF3F5303-A543-4DBA-869C-0D8E9B6A8B31}.Debug|Any CPU.ActiveCfg = Debug|Any CPU
		{DF3F5303-A543-4DBA-869C-0D8E9B6A8B31}.Debug|Any CPU.Build.0 = Debug|Any CPU
		{DF3F5303-A543-4DBA-869C-0D8E9B6A8B31}.Release|Any CPU.ActiveCfg = Release|Any CPU
		{DF3F5303-A543-4DBA-869C-0D8E9B6A8B31}.Release|Any CPU.Build.0 = Release|Any CPU
		{C5BB9629-BE3A-4FB3-BBB7-178038F89A5A}.Debug|Any CPU.ActiveCfg = Debug|Any CPU
		{C5BB9629-BE3A-4FB3-BBB7-178038F89A5A}.Debug|Any CPU.Build.0 = Debug|Any CPU
		{C5BB9629-BE3A-4FB3-BBB7-178038F89A5A}.Release|Any CPU.ActiveCfg = Release|Any CPU
		{C5BB9629-BE3A-4FB3-BBB7-178038F89A5A}.Release|Any CPU.Build.0 = Release|Any CPU
		{C64406AC-4174-41B2-BA0D-3FE276CDE3B4}.Debug|Any CPU.ActiveCfg = Debug|Any CPU
		{C64406AC-4174-41B2-BA0D-3FE276CDE3B4}.Debug|Any CPU.Build.0 = Debug|Any CPU
		{C64406AC-4174-41B2-BA0D-3FE276CDE3B4}.Release|Any CPU.ActiveCfg = Release|Any CPU
		{C64406AC-4174-41B2-BA0D-3FE276CDE3B4}.Release|Any CPU.Build.0 = Release|Any CPU
	EndGlobalSection
	GlobalSection(SolutionProperties) = preSolution
		HideSolutionNode = FALSE
	EndGlobalSection
	GlobalSection(ExtensibilityGlobals) = postSolution
		SolutionGuid = {9768B08C-1DD1-49D1-A75A-8247A1AD9DB4}
	EndGlobalSection
EndGlobal
